// !$*UTF8*$!
{
	archiveVersion = 1;
	classes = {
	};
	objectVersion = 46;
	objects = {

/* Begin PBXBuildFile section */
		81A1E763699D9EEC98C044F2 /* Pods_GFCustomeDemo.framework in Frameworks */ = {isa = PBXBuildFile; fileRef = 0B83C9E98A08D47D8E3968FA /* Pods_GFCustomeDemo.framework */; };
		932204A2207A046A0024DB99 /* GFIndexToastView.m in Sources */ = {isa = PBXBuildFile; fileRef = 932204A1207A046A0024DB99 /* GFIndexToastView.m */; };
		932667E220609D7E002E8FAC /* GFScrollMenView.m in Sources */ = {isa = PBXBuildFile; fileRef = 932667E120609D7E002E8FAC /* GFScrollMenView.m */; };
		9333A63E204A4CF200D60ADC /* GFSignatureView.m in Sources */ = {isa = PBXBuildFile; fileRef = 9333A63D204A4CF200D60ADC /* GFSignatureView.m */; };
		9333A641204A4D9700D60ADC /* GFCellView.m in Sources */ = {isa = PBXBuildFile; fileRef = 9333A640204A4D9700D60ADC /* GFCellView.m */; };
		936D5FDC206B9C28005278EE /* home_buy@2x.png in Resources */ = {isa = PBXBuildFile; fileRef = 936D5FCC206B9C28005278EE /* home_buy@2x.png */; };
		936D5FDD206B9C28005278EE /* home_buy@3x.png in Resources */ = {isa = PBXBuildFile; fileRef = 936D5FCD206B9C28005278EE /* home_buy@3x.png */; };
		936D5FDE206B9C28005278EE /* home_cwtj@2x.png in Resources */ = {isa = PBXBuildFile; fileRef = 936D5FCE206B9C28005278EE /* home_cwtj@2x.png */; };
		936D5FDF206B9C28005278EE /* home_cwtj@3x.png in Resources */ = {isa = PBXBuildFile; fileRef = 936D5FCF206B9C28005278EE /* home_cwtj@3x.png */; };
		936D5FE0206B9C28005278EE /* home_cwtz@2x.png in Resources */ = {isa = PBXBuildFile; fileRef = 936D5FD0206B9C28005278EE /* home_cwtz@2x.png */; };
		936D5FE1206B9C28005278EE /* home_cwtz@3x.png in Resources */ = {isa = PBXBuildFile; fileRef = 936D5FD1206B9C28005278EE /* home_cwtz@3x.png */; };
		936D5FE2206B9C28005278EE /* home_gx@2x.png in Resources */ = {isa = PBXBuildFile; fileRef = 936D5FD2206B9C28005278EE /* home_gx@2x.png */; };
		936D5FE3206B9C28005278EE /* home_gx@3x.png in Resources */ = {isa = PBXBuildFile; fileRef = 936D5FD3206B9C28005278EE /* home_gx@3x.png */; };
		936D5FE4206B9C28005278EE /* home_qz@2x.png in Resources */ = {isa = PBXBuildFile; fileRef = 936D5FD4206B9C28005278EE /* home_qz@2x.png */; };
		936D5FE5206B9C28005278EE /* home_qz@3x.png in Resources */ = {isa = PBXBuildFile; fileRef = 936D5FD5206B9C28005278EE /* home_qz@3x.png */; };
		936D5FE6206B9C28005278EE /* home_reco@2x.png in Resources */ = {isa = PBXBuildFile; fileRef = 936D5FD6206B9C28005278EE /* home_reco@2x.png */; };
		936D5FE7206B9C28005278EE /* home_reco@3x.png in Resources */ = {isa = PBXBuildFile; fileRef = 936D5FD7206B9C28005278EE /* home_reco@3x.png */; };
		936D5FE8206B9C28005278EE /* home_rent@2x.png in Resources */ = {isa = PBXBuildFile; fileRef = 936D5FD8206B9C28005278EE /* home_rent@2x.png */; };
		936D5FE9206B9C28005278EE /* home_rent@3x.png in Resources */ = {isa = PBXBuildFile; fileRef = 936D5FD9206B9C28005278EE /* home_rent@3x.png */; };
		936D5FEA206B9C28005278EE /* home_sale@2x.png in Resources */ = {isa = PBXBuildFile; fileRef = 936D5FDA206B9C28005278EE /* home_sale@2x.png */; };
		936D5FEB206B9C28005278EE /* home_sale@3x.png in Resources */ = {isa = PBXBuildFile; fileRef = 936D5FDB206B9C28005278EE /* home_sale@3x.png */; };
		93DA6D03207B049C0014DA45 /* ic_fd@2x.png in Resources */ = {isa = PBXBuildFile; fileRef = 93DA6D01207B049C0014DA45 /* ic_fd@2x.png */; };
		93DA6D04207B049C0014DA45 /* ic_fd@3x.png in Resources */ = {isa = PBXBuildFile; fileRef = 93DA6D02207B049C0014DA45 /* ic_fd@3x.png */; };
		93F103FA2074676E0070BA06 /* TableIndexViewController.m in Sources */ = {isa = PBXBuildFile; fileRef = 93F103F92074676E0070BA06 /* TableIndexViewController.m */; };
		93F103FD207478330070BA06 /* GFIndexFloatView.m in Sources */ = {isa = PBXBuildFile; fileRef = 93F103FC207478330070BA06 /* GFIndexFloatView.m */; };
		BB1CC7552022099500F68952 /* main.m in Sources */ = {isa = PBXBuildFile; fileRef = BB1CC7542022099500F68952 /* main.m */; };
		BB1CC7582022099500F68952 /* AppDelegate.m in Sources */ = {isa = PBXBuildFile; fileRef = BB1CC7572022099500F68952 /* AppDelegate.m */; };
		BB1CC75B2022099500F68952 /* ViewController.m in Sources */ = {isa = PBXBuildFile; fileRef = BB1CC75A2022099500F68952 /* ViewController.m */; };
		BB1CC75E2022099500F68952 /* Main.storyboard in Resources */ = {isa = PBXBuildFile; fileRef = BB1CC75C2022099500F68952 /* Main.storyboard */; };
		BB1CC7602022099500F68952 /* Assets.xcassets in Resources */ = {isa = PBXBuildFile; fileRef = BB1CC75F2022099500F68952 /* Assets.xcassets */; };
		BB1CC7632022099500F68952 /* LaunchScreen.storyboard in Resources */ = {isa = PBXBuildFile; fileRef = BB1CC7612022099500F68952 /* LaunchScreen.storyboard */; };
/* End PBXBuildFile section */

/* Begin PBXFileReference section */
		0B83C9E98A08D47D8E3968FA /* Pods_GFCustomeDemo.framework */ = {isa = PBXFileReference; explicitFileType = wrapper.framework; includeInIndex = 0; path = Pods_GFCustomeDemo.framework; sourceTree = BUILT_PRODUCTS_DIR; };
		932204A0207A046A0024DB99 /* GFIndexToastView.h */ = {isa = PBXFileReference; lastKnownFileType = sourcecode.c.h; path = GFIndexToastView.h; sourceTree = "<group>"; };
		932204A1207A046A0024DB99 /* GFIndexToastView.m */ = {isa = PBXFileReference; lastKnownFileType = sourcecode.c.objc; path = GFIndexToastView.m; sourceTree = "<group>"; };
		932667E020609D7E002E8FAC /* GFScrollMenView.h */ = {isa = PBXFileReference; lastKnownFileType = sourcecode.c.h; path = GFScrollMenView.h; sourceTree = "<group>"; };
		932667E120609D7E002E8FAC /* GFScrollMenView.m */ = {isa = PBXFileReference; lastKnownFileType = sourcecode.c.objc; path = GFScrollMenView.m; sourceTree = "<group>"; };
		9333A63C204A4CF200D60ADC /* GFSignatureView.h */ = {isa = PBXFileReference; lastKnownFileType = sourcecode.c.h; path = GFSignatureView.h; sourceTree = "<group>"; };
		9333A63D204A4CF200D60ADC /* GFSignatureView.m */ = {isa = PBXFileReference; lastKnownFileType = sourcecode.c.objc; path = GFSignatureView.m; sourceTree = "<group>"; };
		9333A63F204A4D9700D60ADC /* GFCellView.h */ = {isa = PBXFileReference; lastKnownFileType = sourcecode.c.h; path = GFCellView.h; sourceTree = "<group>"; };
		9333A640204A4D9700D60ADC /* GFCellView.m */ = {isa = PBXFileReference; lastKnownFileType = sourcecode.c.objc; path = GFCellView.m; sourceTree = "<group>"; };
		936D5FCC206B9C28005278EE /* home_buy@2x.png */ = {isa = PBXFileReference; lastKnownFileType = image.png; path = "home_buy@2x.png"; sourceTree = "<group>"; };
		936D5FCD206B9C28005278EE /* home_buy@3x.png */ = {isa = PBXFileReference; lastKnownFileType = image.png; path = "home_buy@3x.png"; sourceTree = "<group>"; };
		936D5FCE206B9C28005278EE /* home_cwtj@2x.png */ = {isa = PBXFileReference; lastKnownFileType = image.png; path = "home_cwtj@2x.png"; sourceTree = "<group>"; };
		936D5FCF206B9C28005278EE /* home_cwtj@3x.png */ = {isa = PBXFileReference; lastKnownFileType = image.png; path = "home_cwtj@3x.png"; sourceTree = "<group>"; };
		936D5FD0206B9C28005278EE /* home_cwtz@2x.png */ = {isa = PBXFileReference; lastKnownFileType = image.png; path = "home_cwtz@2x.png"; sourceTree = "<group>"; };
		936D5FD1206B9C28005278EE /* home_cwtz@3x.png */ = {isa = PBXFileReference; lastKnownFileType = image.png; path = "home_cwtz@3x.png"; sourceTree = "<group>"; };
		936D5FD2206B9C28005278EE /* home_gx@2x.png */ = {isa = PBXFileReference; lastKnownFileType = image.png; path = "home_gx@2x.png"; sourceTree = "<group>"; };
		936D5FD3206B9C28005278EE /* home_gx@3x.png */ = {isa = PBXFileReference; lastKnownFileType = image.png; path = "home_gx@3x.png"; sourceTree = "<group>"; };
		936D5FD4206B9C28005278EE /* home_qz@2x.png */ = {isa = PBXFileReference; lastKnownFileType = image.png; path = "home_qz@2x.png"; sourceTree = "<group>"; };
		936D5FD5206B9C28005278EE /* home_qz@3x.png */ = {isa = PBXFileReference; lastKnownFileType = image.png; path = "home_qz@3x.png"; sourceTree = "<group>"; };
		936D5FD6206B9C28005278EE /* home_reco@2x.png */ = {isa = PBXFileReference; lastKnownFileType = image.png; path = "home_reco@2x.png"; sourceTree = "<group>"; };
		936D5FD7206B9C28005278EE /* home_reco@3x.png */ = {isa = PBXFileReference; lastKnownFileType = image.png; path = "home_reco@3x.png"; sourceTree = "<group>"; };
		936D5FD8206B9C28005278EE /* home_rent@2x.png */ = {isa = PBXFileReference; lastKnownFileType = image.png; path = "home_rent@2x.png"; sourceTree = "<group>"; };
		936D5FD9206B9C28005278EE /* home_rent@3x.png */ = {isa = PBXFileReference; lastKnownFileType = image.png; path = "home_rent@3x.png"; sourceTree = "<group>"; };
		936D5FDA206B9C28005278EE /* home_sale@2x.png */ = {isa = PBXFileReference; lastKnownFileType = image.png; path = "home_sale@2x.png"; sourceTree = "<group>"; };
		936D5FDB206B9C28005278EE /* home_sale@3x.png */ = {isa = PBXFileReference; lastKnownFileType = image.png; path = "home_sale@3x.png"; sourceTree = "<group>"; };
		93DA6D01207B049C0014DA45 /* ic_fd@2x.png */ = {isa = PBXFileReference; lastKnownFileType = image.png; path = "ic_fd@2x.png"; sourceTree = "<group>"; };
		93DA6D02207B049C0014DA45 /* ic_fd@3x.png */ = {isa = PBXFileReference; lastKnownFileType = image.png; path = "ic_fd@3x.png"; sourceTree = "<group>"; };
		93F103F82074676E0070BA06 /* TableIndexViewController.h */ = {isa = PBXFileReference; lastKnownFileType = sourcecode.c.h; path = TableIndexViewController.h; sourceTree = "<group>"; };
		93F103F92074676E0070BA06 /* TableIndexViewController.m */ = {isa = PBXFileReference; lastKnownFileType = sourcecode.c.objc; path = TableIndexViewController.m; sourceTree = "<group>"; };
		93F103FB207478330070BA06 /* GFIndexFloatView.h */ = {isa = PBXFileReference; lastKnownFileType = sourcecode.c.h; path = GFIndexFloatView.h; sourceTree = "<group>"; };
		93F103FC207478330070BA06 /* GFIndexFloatView.m */ = {isa = PBXFileReference; lastKnownFileType = sourcecode.c.objc; path = GFIndexFloatView.m; sourceTree = "<group>"; };
		99492643587AA3B96DA2E6E1 /* Pods-GFCustomeDemo.debug.xcconfig */ = {isa = PBXFileReference; includeInIndex = 1; lastKnownFileType = text.xcconfig; name = "Pods-GFCustomeDemo.debug.xcconfig"; path = "Pods/Target Support Files/Pods-GFCustomeDemo/Pods-GFCustomeDemo.debug.xcconfig"; sourceTree = "<group>"; };
		9CA21CF73013762B5A83D556 /* Pods-GFCustomeDemo.release.xcconfig */ = {isa = PBXFileReference; includeInIndex = 1; lastKnownFileType = text.xcconfig; name = "Pods-GFCustomeDemo.release.xcconfig"; path = "Pods/Target Support Files/Pods-GFCustomeDemo/Pods-GFCustomeDemo.release.xcconfig"; sourceTree = "<group>"; };
		BB1CC7502022099500F68952 /* GFCustomeDemo.app */ = {isa = PBXFileReference; explicitFileType = wrapper.application; includeInIndex = 0; path = GFCustomeDemo.app; sourceTree = BUILT_PRODUCTS_DIR; };
		BB1CC7542022099500F68952 /* main.m */ = {isa = PBXFileReference; lastKnownFileType = sourcecode.c.objc; path = main.m; sourceTree = "<group>"; };
		BB1CC7562022099500F68952 /* AppDelegate.h */ = {isa = PBXFileReference; lastKnownFileType = sourcecode.c.h; path = AppDelegate.h; sourceTree = "<group>"; };
		BB1CC7572022099500F68952 /* AppDelegate.m */ = {isa = PBXFileReference; lastKnownFileType = sourcecode.c.objc; path = AppDelegate.m; sourceTree = "<group>"; };
		BB1CC7592022099500F68952 /* ViewController.h */ = {isa = PBXFileReference; lastKnownFileType = sourcecode.c.h; path = ViewController.h; sourceTree = "<group>"; };
		BB1CC75A2022099500F68952 /* ViewController.m */ = {isa = PBXFileReference; lastKnownFileType = sourcecode.c.objc; path = ViewController.m; sourceTree = "<group>"; };
		BB1CC75D2022099500F68952 /* Base */ = {isa = PBXFileReference; lastKnownFileType = file.storyboard; name = Base; path = Base.lproj/Main.storyboard; sourceTree = "<group>"; };
		BB1CC75F2022099500F68952 /* Assets.xcassets */ = {isa = PBXFileReference; lastKnownFileType = folder.assetcatalog; path = Assets.xcassets; sourceTree = "<group>"; };
		BB1CC7622022099500F68952 /* Base */ = {isa = PBXFileReference; lastKnownFileType = file.storyboard; name = Base; path = Base.lproj/LaunchScreen.storyboard; sourceTree = "<group>"; };
		BB1CC7642022099500F68952 /* Info.plist */ = {isa = PBXFileReference; lastKnownFileType = text.plist.xml; path = Info.plist; sourceTree = "<group>"; };
		BB1CC76B20220A0900F68952 /* GFCustomView.h */ = {isa = PBXFileReference; fileEncoding = 4; lastKnownFileType = sourcecode.c.h; path = GFCustomView.h; sourceTree = "<group>"; };
/* End PBXFileReference section */

/* Begin PBXFrameworksBuildPhase section */
		BB1CC74D2022099500F68952 /* Frameworks */ = {
			isa = PBXFrameworksBuildPhase;
			buildActionMask = 2147483647;
			files = (
				81A1E763699D9EEC98C044F2 /* Pods_GFCustomeDemo.framework in Frameworks */,
			);
			runOnlyForDeploymentPostprocessing = 0;
		};
/* End PBXFrameworksBuildPhase section */

/* Begin PBXGroup section */
		09CAA69B086EC2433124B362 /* Pods */ = {
			isa = PBXGroup;
			children = (
				99492643587AA3B96DA2E6E1 /* Pods-GFCustomeDemo.debug.xcconfig */,
				9CA21CF73013762B5A83D556 /* Pods-GFCustomeDemo.release.xcconfig */,
			);
			name = Pods;
			sourceTree = "<group>";
		};
		936D5FCB206B9C28005278EE /* HomeIcon */ = {
			isa = PBXGroup;
			children = (
				936D5FCC206B9C28005278EE /* home_buy@2x.png */,
				936D5FCD206B9C28005278EE /* home_buy@3x.png */,
				936D5FCE206B9C28005278EE /* home_cwtj@2x.png */,
				936D5FCF206B9C28005278EE /* home_cwtj@3x.png */,
				936D5FD0206B9C28005278EE /* home_cwtz@2x.png */,
				936D5FD1206B9C28005278EE /* home_cwtz@3x.png */,
				936D5FD2206B9C28005278EE /* home_gx@2x.png */,
				936D5FD3206B9C28005278EE /* home_gx@3x.png */,
				936D5FD4206B9C28005278EE /* home_qz@2x.png */,
				936D5FD5206B9C28005278EE /* home_qz@3x.png */,
				936D5FD6206B9C28005278EE /* home_reco@2x.png */,
				936D5FD7206B9C28005278EE /* home_reco@3x.png */,
				936D5FD8206B9C28005278EE /* home_rent@2x.png */,
				936D5FD9206B9C28005278EE /* home_rent@3x.png */,
				936D5FDA206B9C28005278EE /* home_sale@2x.png */,
				936D5FDB206B9C28005278EE /* home_sale@3x.png */,
			);
			path = HomeIcon;
			sourceTree = "<group>";
		};
		93DA6D00207B049C0014DA45 /* Resources */ = {
			isa = PBXGroup;
			children = (
				93DA6D01207B049C0014DA45 /* ic_fd@2x.png */,
				93DA6D02207B049C0014DA45 /* ic_fd@3x.png */,
			);
			path = Resources;
			sourceTree = "<group>";
		};
		9622423174D6EE05077EAF6B /* Frameworks */ = {
			isa = PBXGroup;
			children = (
				0B83C9E98A08D47D8E3968FA /* Pods_GFCustomeDemo.framework */,
			);
			name = Frameworks;
			sourceTree = "<group>";
		};
		BB1CC7472022099500F68952 = {
			isa = PBXGroup;
			children = (
				BB1CC76A202209B200F68952 /* GFCustomView */,
				BB1CC7522022099500F68952 /* GFCustomeDemo */,
				BB1CC7512022099500F68952 /* Products */,
				09CAA69B086EC2433124B362 /* Pods */,
				9622423174D6EE05077EAF6B /* Frameworks */,
			);
			sourceTree = "<group>";
		};
		BB1CC7512022099500F68952 /* Products */ = {
			isa = PBXGroup;
			children = (
				BB1CC7502022099500F68952 /* GFCustomeDemo.app */,
			);
			name = Products;
			sourceTree = "<group>";
		};
		BB1CC7522022099500F68952 /* GFCustomeDemo */ = {
			isa = PBXGroup;
			children = (
				BB1CC7562022099500F68952 /* AppDelegate.h */,
				BB1CC7572022099500F68952 /* AppDelegate.m */,
				BB1CC7592022099500F68952 /* ViewController.h */,
				BB1CC75A2022099500F68952 /* ViewController.m */,
				93F103F82074676E0070BA06 /* TableIndexViewController.h */,
				93F103F92074676E0070BA06 /* TableIndexViewController.m */,
				BB1CC75C2022099500F68952 /* Main.storyboard */,
				BB1CC75F2022099500F68952 /* Assets.xcassets */,
				936D5FCB206B9C28005278EE /* HomeIcon */,
				BB1CC7612022099500F68952 /* LaunchScreen.storyboard */,
				BB1CC7642022099500F68952 /* Info.plist */,
				BB1CC7532022099500F68952 /* Supporting Files */,
			);
			path = GFCustomeDemo;
			sourceTree = "<group>";
		};
		BB1CC7532022099500F68952 /* Supporting Files */ = {
			isa = PBXGroup;
			children = (
				BB1CC7542022099500F68952 /* main.m */,
			);
			name = "Supporting Files";
			sourceTree = "<group>";
		};
		BB1CC76A202209B200F68952 /* GFCustomView */ = {
			isa = PBXGroup;
			children = (
				93DA6D00207B049C0014DA45 /* Resources */,
				BB1CC76B20220A0900F68952 /* GFCustomView.h */,
				9333A63C204A4CF200D60ADC /* GFSignatureView.h */,
				9333A63D204A4CF200D60ADC /* GFSignatureView.m */,
				932667E020609D7E002E8FAC /* GFScrollMenView.h */,
				932667E120609D7E002E8FAC /* GFScrollMenView.m */,
				93F103FB207478330070BA06 /* GFIndexFloatView.h */,
				93F103FC207478330070BA06 /* GFIndexFloatView.m */,
				932204A0207A046A0024DB99 /* GFIndexToastView.h */,
				932204A1207A046A0024DB99 /* GFIndexToastView.m */,
				9333A63F204A4D9700D60ADC /* GFCellView.h */,
				9333A640204A4D9700D60ADC /* GFCellView.m */,
			);
			path = GFCustomView;
			sourceTree = "<group>";
		};
/* End PBXGroup section */

/* Begin PBXNativeTarget section */
		BB1CC74F2022099500F68952 /* GFCustomeDemo */ = {
			isa = PBXNativeTarget;
			buildConfigurationList = BB1CC7672022099500F68952 /* Build configuration list for PBXNativeTarget "GFCustomeDemo" */;
			buildPhases = (
				DF0EBE1DCC07F8DFAFE336A6 /* [CP] Check Pods Manifest.lock */,
				BB1CC74C2022099500F68952 /* Sources */,
				BB1CC74D2022099500F68952 /* Frameworks */,
				BB1CC74E2022099500F68952 /* Resources */,
				23C1F241F7059CE52C3F34B7 /* [CP] Embed Pods Frameworks */,
				6746623F1F59A4D7EDE49AB4 /* [CP] Copy Pods Resources */,
			);
			buildRules = (
			);
			dependencies = (
			);
			name = GFCustomeDemo;
			productName = GFCustomeDemo;
			productReference = BB1CC7502022099500F68952 /* GFCustomeDemo.app */;
			productType = "com.apple.product-type.application";
		};
/* End PBXNativeTarget section */

/* Begin PBXProject section */
		BB1CC7482022099500F68952 /* Project object */ = {
			isa = PBXProject;
			attributes = {
				LastUpgradeCheck = 0810;
				ORGANIZATIONNAME = "纪高飞";
				TargetAttributes = {
					BB1CC74F2022099500F68952 = {
						CreatedOnToolsVersion = 8.1;
						DevelopmentTeam = 8YUTCZ5YC9;
						ProvisioningStyle = Automatic;
					};
				};
			};
			buildConfigurationList = BB1CC74B2022099500F68952 /* Build configuration list for PBXProject "GFCustomeDemo" */;
			compatibilityVersion = "Xcode 3.2";
			developmentRegion = English;
			hasScannedForEncodings = 0;
			knownRegions = (
				en,
				Base,
			);
			mainGroup = BB1CC7472022099500F68952;
			productRefGroup = BB1CC7512022099500F68952 /* Products */;
			projectDirPath = "";
			projectRoot = "";
			targets = (
				BB1CC74F2022099500F68952 /* GFCustomeDemo */,
			);
		};
/* End PBXProject section */

/* Begin PBXResourcesBuildPhase section */
		BB1CC74E2022099500F68952 /* Resources */ = {
			isa = PBXResourcesBuildPhase;
			buildActionMask = 2147483647;
			files = (
				936D5FE1206B9C28005278EE /* home_cwtz@3x.png in Resources */,
				936D5FEB206B9C28005278EE /* home_sale@3x.png in Resources */,
				936D5FDC206B9C28005278EE /* home_buy@2x.png in Resources */,
				936D5FE6206B9C28005278EE /* home_reco@2x.png in Resources */,
				936D5FE2206B9C28005278EE /* home_gx@2x.png in Resources */,
				936D5FE7206B9C28005278EE /* home_reco@3x.png in Resources */,
				BB1CC7632022099500F68952 /* LaunchScreen.storyboard in Resources */,
				BB1CC7602022099500F68952 /* Assets.xcassets in Resources */,
				936D5FDD206B9C28005278EE /* home_buy@3x.png in Resources */,
				936D5FE9206B9C28005278EE /* home_rent@3x.png in Resources */,
				93DA6D03207B049C0014DA45 /* ic_fd@2x.png in Resources */,
				936D5FE4206B9C28005278EE /* home_qz@2x.png in Resources */,
				936D5FE3206B9C28005278EE /* home_gx@3x.png in Resources */,
				936D5FDF206B9C28005278EE /* home_cwtj@3x.png in Resources */,
				936D5FEA206B9C28005278EE /* home_sale@2x.png in Resources */,
				93DA6D04207B049C0014DA45 /* ic_fd@3x.png in Resources */,
				936D5FE0206B9C28005278EE /* home_cwtz@2x.png in Resources */,
				BB1CC75E2022099500F68952 /* Main.storyboard in Resources */,
				936D5FDE206B9C28005278EE /* home_cwtj@2x.png in Resources */,
				936D5FE8206B9C28005278EE /* home_rent@2x.png in Resources */,
				936D5FE5206B9C28005278EE /* home_qz@3x.png in Resources */,
			);
			runOnlyForDeploymentPostprocessing = 0;
		};
/* End PBXResourcesBuildPhase section */

/* Begin PBXShellScriptBuildPhase section */
		23C1F241F7059CE52C3F34B7 /* [CP] Embed Pods Frameworks */ = {
			isa = PBXShellScriptBuildPhase;
			buildActionMask = 2147483647;
			files = (
			);
			inputPaths = (
				"${SRCROOT}/Pods/Target Support Files/Pods-GFCustomeDemo/Pods-GFCustomeDemo-frameworks.sh",
				"${BUILT_PRODUCTS_DIR}/Masonry/Masonry.framework",
			);
			name = "[CP] Embed Pods Frameworks";
			outputPaths = (
				"${TARGET_BUILD_DIR}/${FRAMEWORKS_FOLDER_PATH}/Masonry.framework",
			);
			runOnlyForDeploymentPostprocessing = 0;
			shellPath = /bin/sh;
			shellScript = "\"${SRCROOT}/Pods/Target Support Files/Pods-GFCustomeDemo/Pods-GFCustomeDemo-frameworks.sh\"\n";
			showEnvVarsInLog = 0;
		};
		6746623F1F59A4D7EDE49AB4 /* [CP] Copy Pods Resources */ = {
			isa = PBXShellScriptBuildPhase;
			buildActionMask = 2147483647;
			files = (
			);
			inputPaths = (
			);
			name = "[CP] Copy Pods Resources";
			outputPaths = (
			);
			runOnlyForDeploymentPostprocessing = 0;
			shellPath = /bin/sh;
			shellScript = "\"${SRCROOT}/Pods/Target Support Files/Pods-GFCustomeDemo/Pods-GFCustomeDemo-resources.sh\"\n";
			showEnvVarsInLog = 0;
		};
		DF0EBE1DCC07F8DFAFE336A6 /* [CP] Check Pods Manifest.lock */ = {
			isa = PBXShellScriptBuildPhase;
			buildActionMask = 2147483647;
			files = (
			);
			inputPaths = (
				"${PODS_PODFILE_DIR_PATH}/Podfile.lock",
				"${PODS_ROOT}/Manifest.lock",
			);
			name = "[CP] Check Pods Manifest.lock";
			outputPaths = (
				"$(DERIVED_FILE_DIR)/Pods-GFCustomeDemo-checkManifestLockResult.txt",
			);
			runOnlyForDeploymentPostprocessing = 0;
			shellPath = /bin/sh;
			shellScript = "diff \"${PODS_PODFILE_DIR_PATH}/Podfile.lock\" \"${PODS_ROOT}/Manifest.lock\" > /dev/null\nif [ $? != 0 ] ; then\n    # print error to STDERR\n    echo \"error: The sandbox is not in sync with the Podfile.lock. Run 'pod install' or update your CocoaPods installation.\" >&2\n    exit 1\nfi\n# This output is used by Xcode 'outputs' to avoid re-running this script phase.\necho \"SUCCESS\" > \"${SCRIPT_OUTPUT_FILE_0}\"\n";
			showEnvVarsInLog = 0;
		};
/* End PBXShellScriptBuildPhase section */

/* Begin PBXSourcesBuildPhase section */
		BB1CC74C2022099500F68952 /* Sources */ = {
			isa = PBXSourcesBuildPhase;
			buildActionMask = 2147483647;
			files = (
				93F103FD207478330070BA06 /* GFIndexFloatView.m in Sources */,
				9333A641204A4D9700D60ADC /* GFCellView.m in Sources */,
				932204A2207A046A0024DB99 /* GFIndexToastView.m in Sources */,
				932667E220609D7E002E8FAC /* GFScrollMenView.m in Sources */,
				BB1CC75B2022099500F68952 /* ViewController.m in Sources */,
				BB1CC7582022099500F68952 /* AppDelegate.m in Sources */,
				93F103FA2074676E0070BA06 /* TableIndexViewController.m in Sources */,
				BB1CC7552022099500F68952 /* main.m in Sources */,
				9333A63E204A4CF200D60ADC /* GFSignatureView.m in Sources */,
			);
			runOnlyForDeploymentPostprocessing = 0;
		};
/* End PBXSourcesBuildPhase section */

/* Begin PBXVariantGroup section */
		BB1CC75C2022099500F68952 /* Main.storyboard */ = {
			isa = PBXVariantGroup;
			children = (
				BB1CC75D2022099500F68952 /* Base */,
			);
			name = Main.storyboard;
			sourceTree = "<group>";
		};
		BB1CC7612022099500F68952 /* LaunchScreen.storyboard */ = {
			isa = PBXVariantGroup;
			children = (
				BB1CC7622022099500F68952 /* Base */,
			);
			name = LaunchScreen.storyboard;
			sourceTree = "<group>";
		};
/* End PBXVariantGroup section */

/* Begin XCBuildConfiguration section */
		BB1CC7652022099500F68952 /* Debug */ = {
			isa = XCBuildConfiguration;
			buildSettings = {
				ALWAYS_SEARCH_USER_PATHS = NO;
				CLANG_ANALYZER_NONNULL = YES;
				CLANG_CXX_LANGUAGE_STANDARD = "gnu++0x";
				CLANG_CXX_LIBRARY = "libc++";
				CLANG_ENABLE_MODULES = YES;
				CLANG_ENABLE_OBJC_ARC = YES;
				CLANG_WARN_BOOL_CONVERSION = YES;
				CLANG_WARN_CONSTANT_CONVERSION = YES;
				CLANG_WARN_DIRECT_OBJC_ISA_USAGE = YES_ERROR;
				CLANG_WARN_DOCUMENTATION_COMMENTS = YES;
				CLANG_WARN_EMPTY_BODY = YES;
				CLANG_WARN_ENUM_CONVERSION = YES;
				CLANG_WARN_INFINITE_RECURSION = YES;
				CLANG_WARN_INT_CONVERSION = YES;
				CLANG_WARN_OBJC_ROOT_CLASS = YES_ERROR;
				CLANG_WARN_SUSPICIOUS_MOVES = YES;
				CLANG_WARN_UNREACHABLE_CODE = YES;
				CLANG_WARN__DUPLICATE_METHOD_MATCH = YES;
				"CODE_SIGN_IDENTITY[sdk=iphoneos*]" = "iPhone Developer";
				COPY_PHASE_STRIP = NO;
				DEBUG_INFORMATION_FORMAT = dwarf;
				ENABLE_STRICT_OBJC_MSGSEND = YES;
				ENABLE_TESTABILITY = YES;
				GCC_C_LANGUAGE_STANDARD = gnu99;
				GCC_DYNAMIC_NO_PIC = NO;
				GCC_NO_COMMON_BLOCKS = YES;
				GCC_OPTIMIZATION_LEVEL = 0;
				GCC_PREPROCESSOR_DEFINITIONS = (
					"DEBUG=1",
					"$(inherited)",
				);
				GCC_WARN_64_TO_32_BIT_CONVERSION = YES;
				GCC_WARN_ABOUT_RETURN_TYPE = YES_ERROR;
				GCC_WARN_UNDECLARED_SELECTOR = YES;
				GCC_WARN_UNINITIALIZED_AUTOS = YES_AGGRESSIVE;
				GCC_WARN_UNUSED_FUNCTION = YES;
				GCC_WARN_UNUSED_VARIABLE = YES;
				IPHONEOS_DEPLOYMENT_TARGET = 10.1;
				MTL_ENABLE_DEBUG_INFO = YES;
				ONLY_ACTIVE_ARCH = YES;
				SDKROOT = iphoneos;
			};
			name = Debug;
		};
		BB1CC7662022099500F68952 /* Release */ = {
			isa = XCBuildConfiguration;
			buildSettings = {
				ALWAYS_SEARCH_USER_PATHS = NO;
				CLANG_ANALYZER_NONNULL = YES;
				CLANG_CXX_LANGUAGE_STANDARD = "gnu++0x";
				CLANG_CXX_LIBRARY = "libc++";
				CLANG_ENABLE_MODULES = YES;
				CLANG_ENABLE_OBJC_ARC = YES;
				CLANG_WARN_BOOL_CONVERSION = YES;
				CLANG_WARN_CONSTANT_CONVERSION = YES;
				CLANG_WARN_DIRECT_OBJC_ISA_USAGE = YES_ERROR;
				CLANG_WARN_DOCUMENTATION_COMMENTS = YES;
				CLANG_WARN_EMPTY_BODY = YES;
				CLANG_WARN_ENUM_CONVERSION = YES;
				CLANG_WARN_INFINITE_RECURSION = YES;
				CLANG_WARN_INT_CONVERSION = YES;
				CLANG_WARN_OBJC_ROOT_CLASS = YES_ERROR;
				CLANG_WARN_SUSPICIOUS_MOVES = YES;
				CLANG_WARN_UNREACHABLE_CODE = YES;
				CLANG_WARN__DUPLICATE_METHOD_MATCH = YES;
				"CODE_SIGN_IDENTITY[sdk=iphoneos*]" = "iPhone Developer";
				COPY_PHASE_STRIP = NO;
				DEBUG_INFORMATION_FORMAT = "dwarf-with-dsym";
				ENABLE_NS_ASSERTIONS = NO;
				ENABLE_STRICT_OBJC_MSGSEND = YES;
				GCC_C_LANGUAGE_STANDARD = gnu99;
				GCC_NO_COMMON_BLOCKS = YES;
				GCC_WARN_64_TO_32_BIT_CONVERSION = YES;
				GCC_WARN_ABOUT_RETURN_TYPE = YES_ERROR;
				GCC_WARN_UNDECLARED_SELECTOR = YES;
				GCC_WARN_UNINITIALIZED_AUTOS = YES_AGGRESSIVE;
				GCC_WARN_UNUSED_FUNCTION = YES;
				GCC_WARN_UNUSED_VARIABLE = YES;
				IPHONEOS_DEPLOYMENT_TARGET = 10.1;
				MTL_ENABLE_DEBUG_INFO = NO;
				SDKROOT = iphoneos;
				VALIDATE_PRODUCT = YES;
			};
			name = Release;
		};
		BB1CC7682022099500F68952 /* Debug */ = {
			isa = XCBuildConfiguration;
			baseConfigurationReference = 99492643587AA3B96DA2E6E1 /* Pods-GFCustomeDemo.debug.xcconfig */;
			buildSettings = {
				ASSETCATALOG_COMPILER_APPICON_NAME = AppIcon;
				DEVELOPMENT_TEAM = 8YUTCZ5YC9;
				INFOPLIST_FILE = GFCustomeDemo/Info.plist;
				LD_RUNPATH_SEARCH_PATHS = "$(inherited) @executable_path/Frameworks";
				PRODUCT_BUNDLE_IDENTIFIER = jigaofei.GFCustomeDemo;
				PRODUCT_NAME = "$(TARGET_NAME)";
			};
			name = Debug;
		};
		BB1CC7692022099500F68952 /* Release */ = {
			isa = XCBuildConfiguration;
			baseConfigurationReference = 9CA21CF73013762B5A83D556 /* Pods-GFCustomeDemo.release.xcconfig */;
			buildSettings = {
				ASSETCATALOG_COMPILER_APPICON_NAME = AppIcon;
				DEVELOPMENT_TEAM = 8YUTCZ5YC9;
				INFOPLIST_FILE = GFCustomeDemo/Info.plist;
				LD_RUNPATH_SEARCH_PATHS = "$(inherited) @executable_path/Frameworks";
				PRODUCT_BUNDLE_IDENTIFIER = jigaofei.GFCustomeDemo;
				PRODUCT_NAME = "$(TARGET_NAME)";
			};
			name = Release;
		};
/* End XCBuildConfiguration section */

/* Begin XCConfigurationList section */
		BB1CC74B2022099500F68952 /* Build configuration list for PBXProject "GFCustomeDemo" */ = {
			isa = XCConfigurationList;
			buildConfigurations = (
				BB1CC7652022099500F68952 /* Debug */,
				BB1CC7662022099500F68952 /* Release */,
			);
			defaultConfigurationIsVisible = 0;
			defaultConfigurationName = Release;
		};
		BB1CC7672022099500F68952 /* Build configuration list for PBXNativeTarget "GFCustomeDemo" */ = {
			isa = XCConfigurationList;
			buildConfigurations = (
				BB1CC7682022099500F68952 /* Debug */,
				BB1CC7692022099500F68952 /* Release */,
			);
			defaultConfigurationIsVisible = 0;
			defaultConfigurationName = Release;
		};
/* End XCConfigurationList section */
	};
	rootObject = BB1CC7482022099500F68952 /* Project object */;
}
